
Microsoft Visual Studio Solution File, Format Version 10.00
# Visual Studio 2008
Project("{FAE04EC0-301F-11D3-BF4B-00C04F79EFBC}") = "BwnMatLabTest", "BwnMatLabTest.csproj", "{DE03C76C-C47A-4D73-BB34-078CFC696CAF}"
EndProject
Global
	GlobalSection(SolutionConfigurationPlatforms) = preSolution
		Debug|Any CPU = Debug|Any CPU
		Release|Any CPU = Release|Any CPU
	EndGlobalSection
	GlobalSection(ProjectConfigurationPlatforms) = postSolution
		{DE03C76C-C47A-4D73-BB34-078CFC696CAF}.Debug|Any CPU.ActiveCfg = Debug|Any CPU
		{DE03C76C-C47A-4D73-BB34-078CFC696CAF}.Debug|Any CPU.Build.0 = Debug|Any CPU
		{DE03C76C-C47A-4D73-BB34-078CFC696CAF}.Release|Any CPU.ActiveCfg = Release|Any CPU
		{DE03C76C-C47A-4D73-BB34-078CFC696CAF}.Release|Any CPU.Build.0 = Release|Any CPU
	EndGlobalSection
	GlobalSection(SolutionProperties) = preSolution
		HideSolutionNode = FALSE
	EndGlobalSection
EndGlobal
