
Microsoft Visual Studio Solution File, Format Version 10.00
# Visual Studio 2008
Project("{6989167D-11E4-40FE-8C1A-2192A86A7E90}") = "example", "example\example.vfproj", "{CE090BF4-549D-43EC-85AA-BE37016F2AE7}"
EndProject
Global
	GlobalSection(SolutionConfigurationPlatforms) = preSolution
		Debug|Win32 = Debug|Win32
		Release|Win32 = Release|Win32
	EndGlobalSection
	GlobalSection(ProjectConfigurationPlatforms) = postSolution
		{CE090BF4-549D-43EC-85AA-BE37016F2AE7}.Debug|Win32.ActiveCfg = Debug|Win32
		{CE090BF4-549D-43EC-85AA-BE37016F2AE7}.Debug|Win32.Build.0 = Debug|Win32
		{CE090BF4-549D-43EC-85AA-BE37016F2AE7}.Release|Win32.ActiveCfg = Release|Win32
		{CE090BF4-549D-43EC-85AA-BE37016F2AE7}.Release|Win32.Build.0 = Release|Win32
	EndGlobalSection
	GlobalSection(SolutionProperties) = preSolution
		HideSolutionNode = FALSE
	EndGlobalSection
EndGlobal
